
Microsoft Visual Studio Solution File, Format Version 12.00
# Visual Studio Version 16
VisualStudioVersion = 16.0.30611.23
MinimumVisualStudioVersion = 10.0.40219.1
Project("{FAE04EC0-301F-11D3-BF4B-00C04F79EFBC}") = "dotNet5781_00_9106_7647", "dotNet5781_00_9106_7647\dotNet5781_00_9106_7647.csproj", "{7CD95392-EC2B-4A5E-9D59-DB0E59D1ED18}"
EndProject
Project("{FAE04EC0-301F-11D3-BF4B-00C04F79EFBC}") = "dotNet5781_01_9106_7647", "dotNet5781_01\dotNet5781_01_9106_7647.csproj", "{C3A5DF0F-C77C-49F8-AB7E-2B9E800C5F2B}"
EndProject
Project("{FAE04EC0-301F-11D3-BF4B-00C04F79EFBC}") = "dotNet5781_02_9106_7647", "dotNet5781_02_9106_7647\dotNet5781_02_9106_7647.csproj", "{6629567B-0669-4651-911E-B61E2023B363}"
EndProject
Global
	GlobalSection(SolutionConfigurationPlatforms) = preSolution
		Debug|Any CPU = Debug|Any CPU
		Release|Any CPU = Release|Any CPU
	EndGlobalSection
	GlobalSection(ProjectConfigurationPlatforms) = postSolution
		{7CD95392-EC2B-4A5E-9D59-DB0E59D1ED18}.Debug|Any CPU.ActiveCfg = Debug|Any CPU
		{7CD95392-EC2B-4A5E-9D59-DB0E59D1ED18}.Debug|Any CPU.Build.0 = Debug|Any CPU
		{7CD95392-EC2B-4A5E-9D59-DB0E59D1ED18}.Release|Any CPU.ActiveCfg = Release|Any CPU
		{7CD95392-EC2B-4A5E-9D59-DB0E59D1ED18}.Release|Any CPU.Build.0 = Release|Any CPU
		{C3A5DF0F-C77C-49F8-AB7E-2B9E800C5F2B}.Debug|Any CPU.ActiveCfg = Debug|Any CPU
		{C3A5DF0F-C77C-49F8-AB7E-2B9E800C5F2B}.Debug|Any CPU.Build.0 = Debug|Any CPU
		{C3A5DF0F-C77C-49F8-AB7E-2B9E800C5F2B}.Release|Any CPU.ActiveCfg = Release|Any CPU
		{C3A5DF0F-C77C-49F8-AB7E-2B9E800C5F2B}.Release|Any CPU.Build.0 = Release|Any CPU
		{6629567B-0669-4651-911E-B61E2023B363}.Debug|Any CPU.ActiveCfg = Debug|Any CPU
		{6629567B-0669-4651-911E-B61E2023B363}.Debug|Any CPU.Build.0 = Debug|Any CPU
		{6629567B-0669-4651-911E-B61E2023B363}.Release|Any CPU.ActiveCfg = Release|Any CPU
		{6629567B-0669-4651-911E-B61E2023B363}.Release|Any CPU.Build.0 = Release|Any CPU
	EndGlobalSection
	GlobalSection(SolutionProperties) = preSolution
		HideSolutionNode = FALSE
	EndGlobalSection
	GlobalSection(ExtensibilityGlobals) = postSolution
		SolutionGuid = {577CFC38-02C9-4F20-8A0D-5F3F231D8BA7}
	EndGlobalSection
EndGlobal
