
Microsoft Visual Studio Solution File, Format Version 12.00
# Visual Studio Version 16
VisualStudioVersion = 16.0.30611.23
MinimumVisualStudioVersion = 10.0.40219.1
Project("{FAE04EC0-301F-11D3-BF4B-00C04F79EFBC}") = "dotNet5781_00_9106_7647", "dotNet5781_00_9106_7647\dotNet5781_00_9106_7647.csproj", "{7CD95392-EC2B-4A5E-9D59-DB0E59D1ED18}"
EndProject
Project("{FAE04EC0-301F-11D3-BF4B-00C04F79EFBC}") = "dotNet5781_01_9106_7647", "dotNet5781_01\dotNet5781_01_9106_7647.csproj", "{C3A5DF0F-C77C-49F8-AB7E-2B9E800C5F2B}"
EndProject
Project("{FAE04EC0-301F-11D3-BF4B-00C04F79EFBC}") = "dotNet5781_02_9106_7647", "dotNet5781_02\dotNet5781_02_9106_7647.csproj", "{502F396F-4991-46B6-861C-572D41F2EB25}"
EndProject
Project("{FAE04EC0-301F-11D3-BF4B-00C04F79EFBC}") = "dotNet5781_03A_9106_7647", "dotNet5781_03A_9106_7647\dotNet5781_03A_9106_7647.csproj", "{8E18CB35-973C-4837-B908-90AB25AAC485}"
EndProject
Project("{FAE04EC0-301F-11D3-BF4B-00C04F79EFBC}") = "dotNet5871_03b_9106_7647", "dotNet5871_03b_9106_7647\dotNet5871_03b_9106_7647.csproj", "{AE5228A6-1B05-49C3-A3ED-18F9BE32886D}"
EndProject
Project("{FAE04EC0-301F-11D3-BF4B-00C04F79EFBC}") = "PL", "PL\PL.csproj", "{301E16AA-4640-4921-AB4F-207B977C52B2}"
EndProject
Project("{FAE04EC0-301F-11D3-BF4B-00C04F79EFBC}") = "BL", "BL\BL.csproj", "{9FE89B50-1819-410A-BB6E-7CDDD11C0B35}"
EndProject
Project("{FAE04EC0-301F-11D3-BF4B-00C04F79EFBC}") = "DS", "DS\DS.csproj", "{A35BD721-ADB1-456F-9DC0-0E09E9AF2740}"
EndProject
Project("{FAE04EC0-301F-11D3-BF4B-00C04F79EFBC}") = "DLAPI", "DLAPI\DLAPI.csproj", "{4CA6B381-E613-4E64-8F3D-85871967C6A0}"
EndProject
Project("{FAE04EC0-301F-11D3-BF4B-00C04F79EFBC}") = "DALObject", "DALObject\DALObject.csproj", "{EC366CEF-08C0-44BC-AB64-F61B079B77E0}"
EndProject
Project("{2150E333-8FDC-42A3-9474-1A3956D46DE8}") = "Solution items", "Solution items", "{9B79C58D-0D06-43EF-92FD-85FB541F331C}"
	ProjectSection(SolutionItems) = preProject
		config.xml = config.xml
	EndProjectSection
EndProject
Global
	GlobalSection(SolutionConfigurationPlatforms) = preSolution
		Debug|Any CPU = Debug|Any CPU
		Release|Any CPU = Release|Any CPU
	EndGlobalSection
	GlobalSection(ProjectConfigurationPlatforms) = postSolution
		{7CD95392-EC2B-4A5E-9D59-DB0E59D1ED18}.Debug|Any CPU.ActiveCfg = Debug|Any CPU
		{7CD95392-EC2B-4A5E-9D59-DB0E59D1ED18}.Debug|Any CPU.Build.0 = Debug|Any CPU
		{7CD95392-EC2B-4A5E-9D59-DB0E59D1ED18}.Release|Any CPU.ActiveCfg = Release|Any CPU
		{7CD95392-EC2B-4A5E-9D59-DB0E59D1ED18}.Release|Any CPU.Build.0 = Release|Any CPU
		{C3A5DF0F-C77C-49F8-AB7E-2B9E800C5F2B}.Debug|Any CPU.ActiveCfg = Debug|Any CPU
		{C3A5DF0F-C77C-49F8-AB7E-2B9E800C5F2B}.Debug|Any CPU.Build.0 = Debug|Any CPU
		{C3A5DF0F-C77C-49F8-AB7E-2B9E800C5F2B}.Release|Any CPU.ActiveCfg = Release|Any CPU
		{C3A5DF0F-C77C-49F8-AB7E-2B9E800C5F2B}.Release|Any CPU.Build.0 = Release|Any CPU
		{502F396F-4991-46B6-861C-572D41F2EB25}.Debug|Any CPU.ActiveCfg = Debug|Any CPU
		{502F396F-4991-46B6-861C-572D41F2EB25}.Debug|Any CPU.Build.0 = Debug|Any CPU
		{502F396F-4991-46B6-861C-572D41F2EB25}.Release|Any CPU.ActiveCfg = Release|Any CPU
		{502F396F-4991-46B6-861C-572D41F2EB25}.Release|Any CPU.Build.0 = Release|Any CPU
		{8E18CB35-973C-4837-B908-90AB25AAC485}.Debug|Any CPU.ActiveCfg = Debug|Any CPU
		{8E18CB35-973C-4837-B908-90AB25AAC485}.Debug|Any CPU.Build.0 = Debug|Any CPU
		{8E18CB35-973C-4837-B908-90AB25AAC485}.Release|Any CPU.ActiveCfg = Release|Any CPU
		{8E18CB35-973C-4837-B908-90AB25AAC485}.Release|Any CPU.Build.0 = Release|Any CPU
		{AE5228A6-1B05-49C3-A3ED-18F9BE32886D}.Debug|Any CPU.ActiveCfg = Debug|Any CPU
		{AE5228A6-1B05-49C3-A3ED-18F9BE32886D}.Debug|Any CPU.Build.0 = Debug|Any CPU
		{AE5228A6-1B05-49C3-A3ED-18F9BE32886D}.Release|Any CPU.ActiveCfg = Release|Any CPU
		{AE5228A6-1B05-49C3-A3ED-18F9BE32886D}.Release|Any CPU.Build.0 = Release|Any CPU
		{301E16AA-4640-4921-AB4F-207B977C52B2}.Debug|Any CPU.ActiveCfg = Debug|Any CPU
		{301E16AA-4640-4921-AB4F-207B977C52B2}.Debug|Any CPU.Build.0 = Debug|Any CPU
		{301E16AA-4640-4921-AB4F-207B977C52B2}.Release|Any CPU.ActiveCfg = Release|Any CPU
		{301E16AA-4640-4921-AB4F-207B977C52B2}.Release|Any CPU.Build.0 = Release|Any CPU
		{9FE89B50-1819-410A-BB6E-7CDDD11C0B35}.Debug|Any CPU.ActiveCfg = Debug|Any CPU
		{9FE89B50-1819-410A-BB6E-7CDDD11C0B35}.Debug|Any CPU.Build.0 = Debug|Any CPU
		{9FE89B50-1819-410A-BB6E-7CDDD11C0B35}.Release|Any CPU.ActiveCfg = Release|Any CPU
		{9FE89B50-1819-410A-BB6E-7CDDD11C0B35}.Release|Any CPU.Build.0 = Release|Any CPU
		{A35BD721-ADB1-456F-9DC0-0E09E9AF2740}.Debug|Any CPU.ActiveCfg = Debug|Any CPU
		{A35BD721-ADB1-456F-9DC0-0E09E9AF2740}.Debug|Any CPU.Build.0 = Debug|Any CPU
		{A35BD721-ADB1-456F-9DC0-0E09E9AF2740}.Release|Any CPU.ActiveCfg = Release|Any CPU
		{A35BD721-ADB1-456F-9DC0-0E09E9AF2740}.Release|Any CPU.Build.0 = Release|Any CPU
		{4CA6B381-E613-4E64-8F3D-85871967C6A0}.Debug|Any CPU.ActiveCfg = Debug|Any CPU
		{4CA6B381-E613-4E64-8F3D-85871967C6A0}.Debug|Any CPU.Build.0 = Debug|Any CPU
		{4CA6B381-E613-4E64-8F3D-85871967C6A0}.Release|Any CPU.ActiveCfg = Release|Any CPU
		{4CA6B381-E613-4E64-8F3D-85871967C6A0}.Release|Any CPU.Build.0 = Release|Any CPU
		{EC366CEF-08C0-44BC-AB64-F61B079B77E0}.Debug|Any CPU.ActiveCfg = Debug|Any CPU
		{EC366CEF-08C0-44BC-AB64-F61B079B77E0}.Debug|Any CPU.Build.0 = Debug|Any CPU
		{EC366CEF-08C0-44BC-AB64-F61B079B77E0}.Release|Any CPU.ActiveCfg = Release|Any CPU
		{EC366CEF-08C0-44BC-AB64-F61B079B77E0}.Release|Any CPU.Build.0 = Release|Any CPU
	EndGlobalSection
	GlobalSection(SolutionProperties) = preSolution
		HideSolutionNode = FALSE
	EndGlobalSection
	GlobalSection(ExtensibilityGlobals) = postSolution
		SolutionGuid = {577CFC38-02C9-4F20-8A0D-5F3F231D8BA7}
	EndGlobalSection
EndGlobal
